
Microsoft Visual Studio Solution File, Format Version 12.00
# Visual Studio Version 17
VisualStudioVersion = 17.4.33213.308
MinimumVisualStudioVersion = 10.0.40219.1
Project("{FAE04EC0-301F-11D3-BF4B-00C04F79EFBC}") = "tictactoe restapi", "tictactoe restapi\tictactoe restapi.csproj", "{03A8E7D8-7E0D-41B7-92D6-F280155BB4F7}"
EndProject
Global
	GlobalSection(SolutionConfigurationPlatforms) = preSolution
		Debug|Any CPU = Debug|Any CPU
		Release|Any CPU = Release|Any CPU
	EndGlobalSection
	GlobalSection(ProjectConfigurationPlatforms) = postSolution
		{03A8E7D8-7E0D-41B7-92D6-F280155BB4F7}.Debug|Any CPU.ActiveCfg = Debug|Any CPU
		{03A8E7D8-7E0D-41B7-92D6-F280155BB4F7}.Debug|Any CPU.Build.0 = Debug|Any CPU
		{03A8E7D8-7E0D-41B7-92D6-F280155BB4F7}.Release|Any CPU.ActiveCfg = Release|Any CPU
		{03A8E7D8-7E0D-41B7-92D6-F280155BB4F7}.Release|Any CPU.Build.0 = Release|Any CPU
	EndGlobalSection
	GlobalSection(SolutionProperties) = preSolution
		HideSolutionNode = FALSE
	EndGlobalSection
	GlobalSection(ExtensibilityGlobals) = postSolution
		SolutionGuid = {09DD21EA-D6EE-435F-ACEC-08B642D28978}
	EndGlobalSection
EndGlobal
